
Microsoft Visual Studio Solution File, Format Version 12.00
# Visual Studio 2012
Project("{8BC9CEB8-8B4A-11D0-8D11-00A0C91BC942}") = "ConsoleDraw", "ConsoleDraw\ConsoleDraw.vcxproj", "{150F2496-4E00-4A87-B9B7-E038CF7C543D}"
EndProject
Global
	GlobalSection(SolutionConfigurationPlatforms) = preSolution
		Debug|Win32 = Debug|Win32
		Release|Win32 = Release|Win32
	EndGlobalSection
	GlobalSection(ProjectConfigurationPlatforms) = postSolution
		{150F2496-4E00-4A87-B9B7-E038CF7C543D}.Debug|Win32.ActiveCfg = Debug|Win32
		{150F2496-4E00-4A87-B9B7-E038CF7C543D}.Debug|Win32.Build.0 = Debug|Win32
		{150F2496-4E00-4A87-B9B7-E038CF7C543D}.Debug|Win32.Deploy.0 = Debug|Win32
		{150F2496-4E00-4A87-B9B7-E038CF7C543D}.Release|Win32.ActiveCfg = Release|Win32
		{150F2496-4E00-4A87-B9B7-E038CF7C543D}.Release|Win32.Build.0 = Release|Win32
		{150F2496-4E00-4A87-B9B7-E038CF7C543D}.Release|Win32.Deploy.0 = Release|Win32
	EndGlobalSection
	GlobalSection(SolutionProperties) = preSolution
		HideSolutionNode = FALSE
	EndGlobalSection
EndGlobal
